
Microsoft Visual Studio Solution File, Format Version 12.00
# Visual Studio Version 17
VisualStudioVersion = 17.8.34525.116
MinimumVisualStudioVersion = 10.0.40219.1
Project("{FAE04EC0-301F-11D3-BF4B-00C04F79EFBC}") = "BlitzMod", "BlitzMod\BlitzMod.csproj", "{449A2A9F-0990-43EB-B7F8-39EA31CC6D27}"
EndProject
Global
	GlobalSection(SolutionConfigurationPlatforms) = preSolution
		Debug|Any CPU = Debug|Any CPU
		Release|Any CPU = Release|Any CPU
	EndGlobalSection
	GlobalSection(ProjectConfigurationPlatforms) = postSolution
		{449A2A9F-0990-43EB-B7F8-39EA31CC6D27}.Debug|Any CPU.ActiveCfg = Debug|Any CPU
		{449A2A9F-0990-43EB-B7F8-39EA31CC6D27}.Debug|Any CPU.Build.0 = Debug|Any CPU
		{449A2A9F-0990-43EB-B7F8-39EA31CC6D27}.Release|Any CPU.ActiveCfg = Release|Any CPU
		{449A2A9F-0990-43EB-B7F8-39EA31CC6D27}.Release|Any CPU.Build.0 = Release|Any CPU
	EndGlobalSection
	GlobalSection(SolutionProperties) = preSolution
		HideSolutionNode = FALSE
	EndGlobalSection
	GlobalSection(ExtensibilityGlobals) = postSolution
		SolutionGuid = {E5D3186D-59CF-40F2-B1D2-099DFE0A3010}
	EndGlobalSection
EndGlobal
